
Microsoft Visual Studio Solution File, Format Version 12.00
# Visual Studio 15
VisualStudioVersion = 15.0.28307.757
MinimumVisualStudioVersion = 10.0.40219.1
Project("{FAE04EC0-301F-11D3-BF4B-00C04F79EFBC}") = "Atividade Avaliativa PA", "Atividade Avaliativa PA\Atividade Avaliativa PA.csproj", "{41265CF2-775B-4B10-BE6D-30A7785C154D}"
EndProject
Global
	GlobalSection(SolutionConfigurationPlatforms) = preSolution
		Debug|Any CPU = Debug|Any CPU
		Release|Any CPU = Release|Any CPU
	EndGlobalSection
	GlobalSection(ProjectConfigurationPlatforms) = postSolution
		{41265CF2-775B-4B10-BE6D-30A7785C154D}.Debug|Any CPU.ActiveCfg = Debug|Any CPU
		{41265CF2-775B-4B10-BE6D-30A7785C154D}.Debug|Any CPU.Build.0 = Debug|Any CPU
		{41265CF2-775B-4B10-BE6D-30A7785C154D}.Release|Any CPU.ActiveCfg = Release|Any CPU
		{41265CF2-775B-4B10-BE6D-30A7785C154D}.Release|Any CPU.Build.0 = Release|Any CPU
	EndGlobalSection
	GlobalSection(SolutionProperties) = preSolution
		HideSolutionNode = FALSE
	EndGlobalSection
	GlobalSection(ExtensibilityGlobals) = postSolution
		SolutionGuid = {9F12EE1C-02DC-4616-8300-0EE08AED2DD6}
	EndGlobalSection
EndGlobal
